
Microsoft Visual Studio Solution File, Format Version 12.00
# Visual Studio 15
VisualStudioVersion = 15.0.28010.2036
MinimumVisualStudioVersion = 10.0.40219.1
Project("{9A19103F-16F7-4668-BE54-9A1E7A4F7556}") = "Lab3", "Lab3.csproj", "{A7331A41-3830-4B03-980A-35965BD5ACAF}"
EndProject
Global
	GlobalSection(SolutionConfigurationPlatforms) = preSolution
		Debug|Any CPU = Debug|Any CPU
		Release|Any CPU = Release|Any CPU
	EndGlobalSection
	GlobalSection(ProjectConfigurationPlatforms) = postSolution
		{A7331A41-3830-4B03-980A-35965BD5ACAF}.Debug|Any CPU.ActiveCfg = Debug|Any CPU
		{A7331A41-3830-4B03-980A-35965BD5ACAF}.Debug|Any CPU.Build.0 = Debug|Any CPU
		{A7331A41-3830-4B03-980A-35965BD5ACAF}.Release|Any CPU.ActiveCfg = Release|Any CPU
		{A7331A41-3830-4B03-980A-35965BD5ACAF}.Release|Any CPU.Build.0 = Release|Any CPU
	EndGlobalSection
	GlobalSection(SolutionProperties) = preSolution
		HideSolutionNode = FALSE
	EndGlobalSection
	GlobalSection(ExtensibilityGlobals) = postSolution
		SolutionGuid = {0F4DCDCF-D7B0-4CB5-9BDE-07A1B7C7B791}
	EndGlobalSection
EndGlobal
